
Microsoft Visual Studio Solution File, Format Version 12.00
# Visual Studio 14
VisualStudioVersion = 14.0.25420.1
MinimumVisualStudioVersion = 10.0.40219.1
Project("{FAE04EC0-301F-11D3-BF4B-00C04F79EFBC}") = "XmlVerification", "hw4part2\XmlVerification.csproj", "{603D783E-413F-4ECB-9B0E-3C4F4FC5C79F}"
EndProject
Project("{E24C65DC-7377-472B-9ABA-BC803B73C61A}") = "TryItPage", "TryItPage\", "{51B63AC8-AB9C-40B5-B98D-2919982CECB6}"
	ProjectSection(WebsiteProperties) = preProject
		TargetFrameworkMoniker = ".NETFramework,Version%3Dv4.0"
		Debug.AspNetCompiler.VirtualPath = "/localhost_15966"
		Debug.AspNetCompiler.PhysicalPath = "TryItPage\"
		Debug.AspNetCompiler.TargetPath = "PrecompiledWeb\localhost_15966\"
		Debug.AspNetCompiler.Updateable = "true"
		Debug.AspNetCompiler.ForceOverwrite = "true"
		Debug.AspNetCompiler.FixedNames = "false"
		Debug.AspNetCompiler.Debug = "True"
		Release.AspNetCompiler.VirtualPath = "/localhost_15966"
		Release.AspNetCompiler.PhysicalPath = "TryItPage\"
		Release.AspNetCompiler.TargetPath = "PrecompiledWeb\localhost_15966\"
		Release.AspNetCompiler.Updateable = "true"
		Release.AspNetCompiler.ForceOverwrite = "true"
		Release.AspNetCompiler.FixedNames = "false"
		Release.AspNetCompiler.Debug = "False"
		VWDPort = "15966"
		SlnRelativePath = "TryItPage\"
	EndProjectSection
	ProjectSection(ProjectDependencies) = postProject
		{603D783E-413F-4ECB-9B0E-3C4F4FC5C79F} = {603D783E-413F-4ECB-9B0E-3C4F4FC5C79F}
	EndProjectSection
EndProject
Global
	GlobalSection(SolutionConfigurationPlatforms) = preSolution
		Debug|Any CPU = Debug|Any CPU
		Release|Any CPU = Release|Any CPU
	EndGlobalSection
	GlobalSection(ProjectConfigurationPlatforms) = postSolution
		{603D783E-413F-4ECB-9B0E-3C4F4FC5C79F}.Debug|Any CPU.ActiveCfg = Debug|Any CPU
		{603D783E-413F-4ECB-9B0E-3C4F4FC5C79F}.Debug|Any CPU.Build.0 = Debug|Any CPU
		{603D783E-413F-4ECB-9B0E-3C4F4FC5C79F}.Release|Any CPU.ActiveCfg = Release|Any CPU
		{603D783E-413F-4ECB-9B0E-3C4F4FC5C79F}.Release|Any CPU.Build.0 = Release|Any CPU
		{51B63AC8-AB9C-40B5-B98D-2919982CECB6}.Debug|Any CPU.ActiveCfg = Debug|Any CPU
		{51B63AC8-AB9C-40B5-B98D-2919982CECB6}.Debug|Any CPU.Build.0 = Debug|Any CPU
		{51B63AC8-AB9C-40B5-B98D-2919982CECB6}.Release|Any CPU.ActiveCfg = Debug|Any CPU
		{51B63AC8-AB9C-40B5-B98D-2919982CECB6}.Release|Any CPU.Build.0 = Debug|Any CPU
	EndGlobalSection
	GlobalSection(SolutionProperties) = preSolution
		HideSolutionNode = FALSE
	EndGlobalSection
EndGlobal
